
Microsoft Visual Studio Solution File, Format Version 12.00
# Visual Studio Version 17
VisualStudioVersion = 17.9.34728.123
MinimumVisualStudioVersion = 10.0.40219.1
Project("{8BC9CEB8-8B4A-11D0-8D11-00A0C91BC942}") = "tbd", "tbd\tbd.vcxproj", "{3D16DFA3-F6E5-4C5B-9D9D-E00B058F2A41}"
EndProject
Global
	GlobalSection(SolutionConfigurationPlatforms) = preSolution
		Debug|x64 = Debug|x64
		Debug|x86 = Debug|x86
		Release|x64 = Release|x64
		Release|x86 = Release|x86
	EndGlobalSection
	GlobalSection(ProjectConfigurationPlatforms) = postSolution
		{3D16DFA3-F6E5-4C5B-9D9D-E00B058F2A41}.Debug|x64.ActiveCfg = Debug|x64
		{3D16DFA3-F6E5-4C5B-9D9D-E00B058F2A41}.Debug|x64.Build.0 = Debug|x64
		{3D16DFA3-F6E5-4C5B-9D9D-E00B058F2A41}.Debug|x86.ActiveCfg = Debug|Win32
		{3D16DFA3-F6E5-4C5B-9D9D-E00B058F2A41}.Debug|x86.Build.0 = Debug|Win32
		{3D16DFA3-F6E5-4C5B-9D9D-E00B058F2A41}.Release|x64.ActiveCfg = Release|x64
		{3D16DFA3-F6E5-4C5B-9D9D-E00B058F2A41}.Release|x64.Build.0 = Release|x64
		{3D16DFA3-F6E5-4C5B-9D9D-E00B058F2A41}.Release|x86.ActiveCfg = Release|Win32
		{3D16DFA3-F6E5-4C5B-9D9D-E00B058F2A41}.Release|x86.Build.0 = Release|Win32
	EndGlobalSection
	GlobalSection(SolutionProperties) = preSolution
		HideSolutionNode = FALSE
	EndGlobalSection
	GlobalSection(ExtensibilityGlobals) = postSolution
		SolutionGuid = {F86CC679-4FC4-4C14-8374-241E6335EB67}
	EndGlobalSection
EndGlobal
